
Microsoft Visual Studio Solution File, Format Version 12.00
# Visual Studio 14
VisualStudioVersion = 14.0.25420.1
MinimumVisualStudioVersion = 10.0.40219.1
Project("{FAE04EC0-301F-11D3-BF4B-00C04F79EFBC}") = "Design.Patterns", "Design.Patterns\Design.Patterns.csproj", "{6A38BD8D-F49F-450F-99CD-38F46A130A39}"
EndProject
Project("{FAE04EC0-301F-11D3-BF4B-00C04F79EFBC}") = "Design.Patterns.Test", "Design.Patterns.Test\Design.Patterns.Test.csproj", "{437366DD-35D3-4689-B7EC-35EDF1BC8A88}"
EndProject
Global
	GlobalSection(SolutionConfigurationPlatforms) = preSolution
		Debug|Any CPU = Debug|Any CPU
		Release|Any CPU = Release|Any CPU
	EndGlobalSection
	GlobalSection(ProjectConfigurationPlatforms) = postSolution
		{6A38BD8D-F49F-450F-99CD-38F46A130A39}.Debug|Any CPU.ActiveCfg = Debug|Any CPU
		{6A38BD8D-F49F-450F-99CD-38F46A130A39}.Debug|Any CPU.Build.0 = Debug|Any CPU
		{6A38BD8D-F49F-450F-99CD-38F46A130A39}.Release|Any CPU.ActiveCfg = Release|Any CPU
		{6A38BD8D-F49F-450F-99CD-38F46A130A39}.Release|Any CPU.Build.0 = Release|Any CPU
		{437366DD-35D3-4689-B7EC-35EDF1BC8A88}.Debug|Any CPU.ActiveCfg = Debug|Any CPU
		{437366DD-35D3-4689-B7EC-35EDF1BC8A88}.Debug|Any CPU.Build.0 = Debug|Any CPU
		{437366DD-35D3-4689-B7EC-35EDF1BC8A88}.Release|Any CPU.ActiveCfg = Release|Any CPU
		{437366DD-35D3-4689-B7EC-35EDF1BC8A88}.Release|Any CPU.Build.0 = Release|Any CPU
	EndGlobalSection
	GlobalSection(SolutionProperties) = preSolution
		HideSolutionNode = FALSE
	EndGlobalSection
EndGlobal
